
Microsoft Visual Studio Solution File, Format Version 12.00
# Visual Studio 15
VisualStudioVersion = 15.0.27004.2009
MinimumVisualStudioVersion = 10.0.40219.1
Project("{FAE04EC0-301F-11D3-BF4B-00C04F79EFBC}") = "AsyncTest", "AsyncTest\AsyncTest.csproj", "{46FE7983-22D9-4E91-829A-906852C08018}"
EndProject
Global
	GlobalSection(SolutionConfigurationPlatforms) = preSolution
		Debug|Any CPU = Debug|Any CPU
		Release|Any CPU = Release|Any CPU
	EndGlobalSection
	GlobalSection(ProjectConfigurationPlatforms) = postSolution
		{46FE7983-22D9-4E91-829A-906852C08018}.Debug|Any CPU.ActiveCfg = Debug|Any CPU
		{46FE7983-22D9-4E91-829A-906852C08018}.Debug|Any CPU.Build.0 = Debug|Any CPU
		{46FE7983-22D9-4E91-829A-906852C08018}.Release|Any CPU.ActiveCfg = Release|Any CPU
		{46FE7983-22D9-4E91-829A-906852C08018}.Release|Any CPU.Build.0 = Release|Any CPU
	EndGlobalSection
	GlobalSection(SolutionProperties) = preSolution
		HideSolutionNode = FALSE
	EndGlobalSection
	GlobalSection(ExtensibilityGlobals) = postSolution
		SolutionGuid = {BE6A311B-F645-47CC-8110-2690A55DAF09}
	EndGlobalSection
EndGlobal
