
Microsoft Visual Studio Solution File, Format Version 12.00
# Visual Studio 14
VisualStudioVersion = 14.0.25420.1
MinimumVisualStudioVersion = 10.0.40219.1
Project("{FAE04EC0-301F-11D3-BF4B-00C04F79EFBC}") = "ArrayOperations", "ArrayOperations\ArrayOperations.csproj", "{F6F2B532-2D7E-4BB6-8EFB-507ADB817BFD}"
EndProject
Project("{FAE04EC0-301F-11D3-BF4B-00C04F79EFBC}") = "Sort", "Sort\Sort.csproj", "{37B54977-28CF-44FB-AFC6-9F81874FDC08}"
EndProject
Global
	GlobalSection(SolutionConfigurationPlatforms) = preSolution
		Debug|Any CPU = Debug|Any CPU
		Release|Any CPU = Release|Any CPU
	EndGlobalSection
	GlobalSection(ProjectConfigurationPlatforms) = postSolution
		{F6F2B532-2D7E-4BB6-8EFB-507ADB817BFD}.Debug|Any CPU.ActiveCfg = Debug|Any CPU
		{F6F2B532-2D7E-4BB6-8EFB-507ADB817BFD}.Debug|Any CPU.Build.0 = Debug|Any CPU
		{F6F2B532-2D7E-4BB6-8EFB-507ADB817BFD}.Release|Any CPU.ActiveCfg = Release|Any CPU
		{F6F2B532-2D7E-4BB6-8EFB-507ADB817BFD}.Release|Any CPU.Build.0 = Release|Any CPU
		{37B54977-28CF-44FB-AFC6-9F81874FDC08}.Debug|Any CPU.ActiveCfg = Debug|Any CPU
		{37B54977-28CF-44FB-AFC6-9F81874FDC08}.Debug|Any CPU.Build.0 = Debug|Any CPU
		{37B54977-28CF-44FB-AFC6-9F81874FDC08}.Release|Any CPU.ActiveCfg = Release|Any CPU
		{37B54977-28CF-44FB-AFC6-9F81874FDC08}.Release|Any CPU.Build.0 = Release|Any CPU
	EndGlobalSection
	GlobalSection(SolutionProperties) = preSolution
		HideSolutionNode = FALSE
	EndGlobalSection
EndGlobal
