
Microsoft Visual Studio Solution File, Format Version 12.00
# Visual Studio 15
VisualStudioVersion = 15.0.27004.2009
MinimumVisualStudioVersion = 10.0.40219.1
Project("{FAE04EC0-301F-11D3-BF4B-00C04F79EFBC}") = "Collections", "Collections\Collections.csproj", "{F55512AD-6AF1-4ABA-99B5-3780B1A454FD}"
EndProject
Global
	GlobalSection(SolutionConfigurationPlatforms) = preSolution
		Debug|Any CPU = Debug|Any CPU
		Release|Any CPU = Release|Any CPU
	EndGlobalSection
	GlobalSection(ProjectConfigurationPlatforms) = postSolution
		{F55512AD-6AF1-4ABA-99B5-3780B1A454FD}.Debug|Any CPU.ActiveCfg = Debug|Any CPU
		{F55512AD-6AF1-4ABA-99B5-3780B1A454FD}.Debug|Any CPU.Build.0 = Debug|Any CPU
		{F55512AD-6AF1-4ABA-99B5-3780B1A454FD}.Release|Any CPU.ActiveCfg = Release|Any CPU
		{F55512AD-6AF1-4ABA-99B5-3780B1A454FD}.Release|Any CPU.Build.0 = Release|Any CPU
	EndGlobalSection
	GlobalSection(SolutionProperties) = preSolution
		HideSolutionNode = FALSE
	EndGlobalSection
	GlobalSection(ExtensibilityGlobals) = postSolution
		SolutionGuid = {E6F16155-197C-41A7-BCD3-8662638FF653}
	EndGlobalSection
EndGlobal
